
Microsoft Visual Studio Solution File, Format Version 12.00
# Visual Studio Version 17
VisualStudioVersion = 17.0.32126.317
MinimumVisualStudioVersion = 10.0.40219.1
Project("{FAE04EC0-301F-11D3-BF4B-00C04F79EFBC}") = "ADOFAIModLoader", "ADOFAIModLoader\ADOFAIModLoader.csproj", "{47E47B98-984A-43C4-92B8-FD2DCCF2178E}"
EndProject
Global
	GlobalSection(SolutionConfigurationPlatforms) = preSolution
		Debug|Any CPU = Debug|Any CPU
		Release|Any CPU = Release|Any CPU
	EndGlobalSection
	GlobalSection(ProjectConfigurationPlatforms) = postSolution
		{47E47B98-984A-43C4-92B8-FD2DCCF2178E}.Debug|Any CPU.ActiveCfg = Debug|Any CPU
		{47E47B98-984A-43C4-92B8-FD2DCCF2178E}.Debug|Any CPU.Build.0 = Debug|Any CPU
		{47E47B98-984A-43C4-92B8-FD2DCCF2178E}.Release|Any CPU.ActiveCfg = Release|Any CPU
		{47E47B98-984A-43C4-92B8-FD2DCCF2178E}.Release|Any CPU.Build.0 = Release|Any CPU
	EndGlobalSection
	GlobalSection(SolutionProperties) = preSolution
		HideSolutionNode = FALSE
	EndGlobalSection
	GlobalSection(ExtensibilityGlobals) = postSolution
		SolutionGuid = {8F0AB931-CC35-4E66-9040-89D5F5D4451E}
	EndGlobalSection
EndGlobal
